<?xml version="1.0" encoding="utf-8"?>
<Project ToolsVersion="4.0" xmlns="http://schemas.microsoft.com/developer/msbuild/2003">
  <ItemGroup>
    <Filter Include="Resource Files">
      <UniqueIdentifier>{67DA6AB6-F800-4c08-8B7A-83BB121AAD01}</UniqueIdentifier>
      <Extensions>rc;ico;cur;bmp;dlg;rc2;rct;bin;rgs;gif;jpg;jpeg;jpe;resx;tiff;tif;png;wav;mfcribbon-ms</Extensions>
    </Filter>
  </ItemGroup>
  <ItemGroup>
    <ClCompile Include="src\Main.cpp" />
    <ClCompile Include="src\AResource.cpp" />
    <ClCompile Include="src\AUser.cpp" />
    <ClCompile Include="src\CGeneralResource.cpp" />
    <ClCompile Include="src\CGeneralUser.cpp" />
    <ClCompile Include="src\ResourceFactory.cpp" />
    <ClCompile Include="src\AbstractUserFactory.cpp" />
    <ClCompile Include="src\CResourceManager.cpp" />
    <ClCompile Include="src\UserFactory.cpp" />
    <ClCompile Include="CUserManager.cpp" />
  </ItemGroup>
  <ItemGroup>
    <ClInclude Include="include\AResource.h" />
    <ClInclude Include="include\AUser.h" />
    <ClInclude Include="include\CGeneralResource.h" />
    <ClInclude Include="include\CGeneralUser.h" />
    <ClInclude Include="include\ResourceFactory.h" />
    <ClInclude Include="include\AbstractResourceFactory.h" />
    <ClInclude Include="include\AbstractUserFactory.h" />
    <ClInclude Include="include\CResourceManager.h" />
    <ClInclude Include="include\UserFactory.h" />
    <ClInclude Include="CUserManager.h" />
  </ItemGroup>
</Project>